// !$*UTF8*$!
{
	archiveVersion = 1;
	classes = {
	};
	objectVersion = 56;
	objects = {

/* Begin PBXBuildFile section */
		CB21D451296881FC00F6F8CC /* CellListView.swift in Sources */ = {isa = PBXBuildFile; fileRef = CB21D450296881FC00F6F8CC /* CellListView.swift */; };
		CB21D453296886D700F6F8CC /* AddView.swift in Sources */ = {isa = PBXBuildFile; fileRef = CB21D452296886D700F6F8CC /* AddView.swift */; };
		CB42D87229757BBB005060B1 /* TomatoDBService.swift in Sources */ = {isa = PBXBuildFile; fileRef = CB42D87129757BBB005060B1 /* TomatoDBService.swift */; };
		CB6D5D48297FD98F00F4BE82 /* NoTasksView.swift in Sources */ = {isa = PBXBuildFile; fileRef = CB6D5D47297FD98F00F4BE82 /* NoTasksView.swift */; };
		CB7D594C298151AD00FF2ECC /* LaunchScreen.storyboard in Resources */ = {isa = PBXBuildFile; fileRef = CB7D594B298151AD00FF2ECC /* LaunchScreen.storyboard */; };
		CB9F5D052968B29F0012D59E /* TomatoTaskModel.swift in Sources */ = {isa = PBXBuildFile; fileRef = CB9F5D042968B29F0012D59E /* TomatoTaskModel.swift */; };
		CB9F5D08296C5E660012D59E /* ListViewModel.swift in Sources */ = {isa = PBXBuildFile; fileRef = CB9F5D07296C5E660012D59E /* ListViewModel.swift */; };
		CBA9A17F29682EF700879058 /* TomatoTomato2App.swift in Sources */ = {isa = PBXBuildFile; fileRef = CBA9A17E29682EF700879058 /* TomatoTomato2App.swift */; };
		CBA9A18329682EFA00879058 /* Assets.xcassets in Resources */ = {isa = PBXBuildFile; fileRef = CBA9A18229682EFA00879058 /* Assets.xcassets */; };
		CBA9A18629682EFA00879058 /* Preview Assets.xcassets in Resources */ = {isa = PBXBuildFile; fileRef = CBA9A18529682EFA00879058 /* Preview Assets.xcassets */; };
		CBA9A18D2968404300879058 /* Color.swift in Sources */ = {isa = PBXBuildFile; fileRef = CBA9A18C2968404300879058 /* Color.swift */; };
		CBA9A1902968419C00879058 /* ListView.swift in Sources */ = {isa = PBXBuildFile; fileRef = CBA9A18F2968419C00879058 /* ListView.swift */; };
		CBCB6B7629798DDB004C5552 /* TaskDetailView.swift in Sources */ = {isa = PBXBuildFile; fileRef = CBCB6B7529798DDB004C5552 /* TaskDetailView.swift */; };
		CBCB6B782979AFFD004C5552 /* TomatoEditView.swift in Sources */ = {isa = PBXBuildFile; fileRef = CBCB6B772979AFFD004C5552 /* TomatoEditView.swift */; };
		CBCB6B7D297E9916004C5552 /* TomatoTimerView.swift in Sources */ = {isa = PBXBuildFile; fileRef = CBCB6B7C297E9916004C5552 /* TomatoTimerView.swift */; };
		CBCB6B7F297EAC45004C5552 /* TomatoTimer.swift in Sources */ = {isa = PBXBuildFile; fileRef = CBCB6B7E297EAC45004C5552 /* TomatoTimer.swift */; };
		CBE4247A2976EAB6006CCA91 /* TomatoContainer.xcdatamodeld in Sources */ = {isa = PBXBuildFile; fileRef = CBE424782976EAB6006CCA91 /* TomatoContainer.xcdatamodeld */; };
/* End PBXBuildFile section */

/* Begin PBXFileReference section */
		CB21D450296881FC00F6F8CC /* CellListView.swift */ = {isa = PBXFileReference; lastKnownFileType = sourcecode.swift; path = CellListView.swift; sourceTree = "<group>"; };
		CB21D452296886D700F6F8CC /* AddView.swift */ = {isa = PBXFileReference; lastKnownFileType = sourcecode.swift; path = AddView.swift; sourceTree = "<group>"; };
		CB42D87129757BBB005060B1 /* TomatoDBService.swift */ = {isa = PBXFileReference; lastKnownFileType = sourcecode.swift; path = TomatoDBService.swift; sourceTree = "<group>"; };
		CB6D5D47297FD98F00F4BE82 /* NoTasksView.swift */ = {isa = PBXFileReference; lastKnownFileType = sourcecode.swift; path = NoTasksView.swift; sourceTree = "<group>"; };
		CB7D594B298151AD00FF2ECC /* LaunchScreen.storyboard */ = {isa = PBXFileReference; lastKnownFileType = file.storyboard; path = LaunchScreen.storyboard; sourceTree = "<group>"; };
		CB9F5D042968B29F0012D59E /* TomatoTaskModel.swift */ = {isa = PBXFileReference; lastKnownFileType = sourcecode.swift; path = TomatoTaskModel.swift; sourceTree = "<group>"; };
		CB9F5D07296C5E660012D59E /* ListViewModel.swift */ = {isa = PBXFileReference; lastKnownFileType = sourcecode.swift; path = ListViewModel.swift; sourceTree = "<group>"; };
		CBA9A17B29682EF700879058 /* TomatoTomato2.app */ = {isa = PBXFileReference; explicitFileType = wrapper.application; includeInIndex = 0; path = TomatoTomato2.app; sourceTree = BUILT_PRODUCTS_DIR; };
		CBA9A17E29682EF700879058 /* TomatoTomato2App.swift */ = {isa = PBXFileReference; lastKnownFileType = sourcecode.swift; path = TomatoTomato2App.swift; sourceTree = "<group>"; };
		CBA9A18229682EFA00879058 /* Assets.xcassets */ = {isa = PBXFileReference; lastKnownFileType = folder.assetcatalog; path = Assets.xcassets; sourceTree = "<group>"; };
		CBA9A18529682EFA00879058 /* Preview Assets.xcassets */ = {isa = PBXFileReference; lastKnownFileType = folder.assetcatalog; path = "Preview Assets.xcassets"; sourceTree = "<group>"; };
		CBA9A18C2968404300879058 /* Color.swift */ = {isa = PBXFileReference; lastKnownFileType = sourcecode.swift; path = Color.swift; sourceTree = "<group>"; };
		CBA9A18F2968419C00879058 /* ListView.swift */ = {isa = PBXFileReference; lastKnownFileType = sourcecode.swift; path = ListView.swift; sourceTree = "<group>"; };
		CBCB6B7529798DDB004C5552 /* TaskDetailView.swift */ = {isa = PBXFileReference; lastKnownFileType = sourcecode.swift; path = TaskDetailView.swift; sourceTree = "<group>"; };
		CBCB6B772979AFFD004C5552 /* TomatoEditView.swift */ = {isa = PBXFileReference; lastKnownFileType = sourcecode.swift; path = TomatoEditView.swift; sourceTree = "<group>"; };
		CBCB6B7C297E9916004C5552 /* TomatoTimerView.swift */ = {isa = PBXFileReference; lastKnownFileType = sourcecode.swift; path = TomatoTimerView.swift; sourceTree = "<group>"; };
		CBCB6B7E297EAC45004C5552 /* TomatoTimer.swift */ = {isa = PBXFileReference; lastKnownFileType = sourcecode.swift; path = TomatoTimer.swift; sourceTree = "<group>"; };
		CBE424792976EAB6006CCA91 /* TomatoContainer.xcdatamodel */ = {isa = PBXFileReference; lastKnownFileType = wrapper.xcdatamodel; path = TomatoContainer.xcdatamodel; sourceTree = "<group>"; };
/* End PBXFileReference section */

/* Begin PBXFrameworksBuildPhase section */
		CBA9A17829682EF700879058 /* Frameworks */ = {
			isa = PBXFrameworksBuildPhase;
			buildActionMask = 2147483647;
			files = (
			);
			runOnlyForDeploymentPostprocessing = 0;
		};
/* End PBXFrameworksBuildPhase section */

/* Begin PBXGroup section */
		CB9F5D032968B2870012D59E /* Models */ = {
			isa = PBXGroup;
			children = (
				CB9F5D042968B29F0012D59E /* TomatoTaskModel.swift */,
				CBCB6B7E297EAC45004C5552 /* TomatoTimer.swift */,
			);
			path = Models;
			sourceTree = "<group>";
		};
		CB9F5D06296C5E450012D59E /* ViewModels */ = {
			isa = PBXGroup;
			children = (
				CB9F5D07296C5E660012D59E /* ListViewModel.swift */,
			);
			path = ViewModels;
			sourceTree = "<group>";
		};
		CBA748322975669F00404330 /* DataBase */ = {
			isa = PBXGroup;
			children = (
				CB42D87129757BBB005060B1 /* TomatoDBService.swift */,
				CBE424782976EAB6006CCA91 /* TomatoContainer.xcdatamodeld */,
			);
			path = DataBase;
			sourceTree = "<group>";
		};
		CBA9A17229682EF700879058 = {
			isa = PBXGroup;
			children = (
				CBA9A17D29682EF700879058 /* TomatoTomato2 */,
				CBA9A17C29682EF700879058 /* Products */,
			);
			sourceTree = "<group>";
		};
		CBA9A17C29682EF700879058 /* Products */ = {
			isa = PBXGroup;
			children = (
				CBA9A17B29682EF700879058 /* TomatoTomato2.app */,
			);
			name = Products;
			sourceTree = "<group>";
		};
		CBA9A17D29682EF700879058 /* TomatoTomato2 */ = {
			isa = PBXGroup;
			children = (
				CBA9A17E29682EF700879058 /* TomatoTomato2App.swift */,
				CBA748322975669F00404330 /* DataBase */,
				CB9F5D032968B2870012D59E /* Models */,
				CB9F5D06296C5E450012D59E /* ViewModels */,
				CBA9A18E2968418700879058 /* Views */,
				CBA9A18C2968404300879058 /* Color.swift */,
				CBA9A18229682EFA00879058 /* Assets.xcassets */,
				CBA9A18429682EFA00879058 /* Preview Content */,
			);
			path = TomatoTomato2;
			sourceTree = "<group>";
		};
		CBA9A18429682EFA00879058 /* Preview Content */ = {
			isa = PBXGroup;
			children = (
				CBA9A18529682EFA00879058 /* Preview Assets.xcassets */,
			);
			path = "Preview Content";
			sourceTree = "<group>";
		};
		CBA9A18E2968418700879058 /* Views */ = {
			isa = PBXGroup;
			children = (
				CBA9A18F2968419C00879058 /* ListView.swift */,
				CB21D450296881FC00F6F8CC /* CellListView.swift */,
				CB21D452296886D700F6F8CC /* AddView.swift */,
				CBCB6B7529798DDB004C5552 /* TaskDetailView.swift */,
				CBCB6B772979AFFD004C5552 /* TomatoEditView.swift */,
				CBCB6B7C297E9916004C5552 /* TomatoTimerView.swift */,
				CB6D5D47297FD98F00F4BE82 /* NoTasksView.swift */,
				CB7D594B298151AD00FF2ECC /* LaunchScreen.storyboard */,
			);
			path = Views;
			sourceTree = "<group>";
		};
/* End PBXGroup section */

/* Begin PBXNativeTarget section */
		CBA9A17A29682EF700879058 /* TomatoTomato2 */ = {
			isa = PBXNativeTarget;
			buildConfigurationList = CBA9A18929682EFA00879058 /* Build configuration list for PBXNativeTarget "TomatoTomato2" */;
			buildPhases = (
				CBA9A17729682EF700879058 /* Sources */,
				CBA9A17829682EF700879058 /* Frameworks */,
				CBA9A17929682EF700879058 /* Resources */,
			);
			buildRules = (
			);
			dependencies = (
			);
			name = TomatoTomato2;
			productName = TomatoTomato2;
			productReference = CBA9A17B29682EF700879058 /* TomatoTomato2.app */;
			productType = "com.apple.product-type.application";
		};
/* End PBXNativeTarget section */

/* Begin PBXProject section */
		CBA9A17329682EF700879058 /* Project object */ = {
			isa = PBXProject;
			attributes = {
				BuildIndependentTargetsInParallel = 1;
				LastSwiftUpdateCheck = 1410;
				LastUpgradeCheck = 1410;
				TargetAttributes = {
					CBA9A17A29682EF700879058 = {
						CreatedOnToolsVersion = 14.1;
					};
				};
			};
			buildConfigurationList = CBA9A17629682EF700879058 /* Build configuration list for PBXProject "TomatoTomato2" */;
			compatibilityVersion = "Xcode 14.0";
			developmentRegion = en;
			hasScannedForEncodings = 0;
			knownRegions = (
				en,
				Base,
			);
			mainGroup = CBA9A17229682EF700879058;
			productRefGroup = CBA9A17C29682EF700879058 /* Products */;
			projectDirPath = "";
			projectRoot = "";
			targets = (
				CBA9A17A29682EF700879058 /* TomatoTomato2 */,
			);
		};
/* End PBXProject section */

/* Begin PBXResourcesBuildPhase section */
		CBA9A17929682EF700879058 /* Resources */ = {
			isa = PBXResourcesBuildPhase;
			buildActionMask = 2147483647;
			files = (
				CB7D594C298151AD00FF2ECC /* LaunchScreen.storyboard in Resources */,
				CBA9A18629682EFA00879058 /* Preview Assets.xcassets in Resources */,
				CBA9A18329682EFA00879058 /* Assets.xcassets in Resources */,
			);
			runOnlyForDeploymentPostprocessing = 0;
		};
/* End PBXResourcesBuildPhase section */

/* Begin PBXSourcesBuildPhase section */
		CBA9A17729682EF700879058 /* Sources */ = {
			isa = PBXSourcesBuildPhase;
			buildActionMask = 2147483647;
			files = (
				CBCB6B7D297E9916004C5552 /* TomatoTimerView.swift in Sources */,
				CB21D451296881FC00F6F8CC /* CellListView.swift in Sources */,
				CBCB6B782979AFFD004C5552 /* TomatoEditView.swift in Sources */,
				CB42D87229757BBB005060B1 /* TomatoDBService.swift in Sources */,
				CB9F5D052968B29F0012D59E /* TomatoTaskModel.swift in Sources */,
				CBCB6B7F297EAC45004C5552 /* TomatoTimer.swift in Sources */,
				CBE4247A2976EAB6006CCA91 /* TomatoContainer.xcdatamodeld in Sources */,
				CBCB6B7629798DDB004C5552 /* TaskDetailView.swift in Sources */,
				CB6D5D48297FD98F00F4BE82 /* NoTasksView.swift in Sources */,
				CB9F5D08296C5E660012D59E /* ListViewModel.swift in Sources */,
				CBA9A1902968419C00879058 /* ListView.swift in Sources */,
				CB21D453296886D700F6F8CC /* AddView.swift in Sources */,
				CBA9A17F29682EF700879058 /* TomatoTomato2App.swift in Sources */,
				CBA9A18D2968404300879058 /* Color.swift in Sources */,
			);
			runOnlyForDeploymentPostprocessing = 0;
		};
/* End PBXSourcesBuildPhase section */

/* Begin XCBuildConfiguration section */
		CBA9A18729682EFA00879058 /* Debug */ = {
			isa = XCBuildConfiguration;
			buildSettings = {
				ALWAYS_SEARCH_USER_PATHS = NO;
				CLANG_ANALYZER_NONNULL = YES;
				CLANG_ANALYZER_NUMBER_OBJECT_CONVERSION = YES_AGGRESSIVE;
				CLANG_CXX_LANGUAGE_STANDARD = "gnu++20";
				CLANG_ENABLE_MODULES = YES;
				CLANG_ENABLE_OBJC_ARC = YES;
				CLANG_ENABLE_OBJC_WEAK = YES;
				CLANG_WARN_BLOCK_CAPTURE_AUTORELEASING = YES;
				CLANG_WARN_BOOL_CONVERSION = YES;
				CLANG_WARN_COMMA = YES;
				CLANG_WARN_CONSTANT_CONVERSION = YES;
				CLANG_WARN_DEPRECATED_OBJC_IMPLEMENTATIONS = YES;
				CLANG_WARN_DIRECT_OBJC_ISA_USAGE = YES_ERROR;
				CLANG_WARN_DOCUMENTATION_COMMENTS = YES;
				CLANG_WARN_EMPTY_BODY = YES;
				CLANG_WARN_ENUM_CONVERSION = YES;
				CLANG_WARN_INFINITE_RECURSION = YES;
				CLANG_WARN_INT_CONVERSION = YES;
				CLANG_WARN_NON_LITERAL_NULL_CONVERSION = YES;
				CLANG_WARN_OBJC_IMPLICIT_RETAIN_SELF = YES;
				CLANG_WARN_OBJC_LITERAL_CONVERSION = YES;
				CLANG_WARN_OBJC_ROOT_CLASS = YES_ERROR;
				CLANG_WARN_QUOTED_INCLUDE_IN_FRAMEWORK_HEADER = YES;
				CLANG_WARN_RANGE_LOOP_ANALYSIS = YES;
				CLANG_WARN_STRICT_PROTOTYPES = YES;
				CLANG_WARN_SUSPICIOUS_MOVE = YES;
				CLANG_WARN_UNGUARDED_AVAILABILITY = YES_AGGRESSIVE;
				CLANG_WARN_UNREACHABLE_CODE = YES;
				CLANG_WARN__DUPLICATE_METHOD_MATCH = YES;
				COPY_PHASE_STRIP = NO;
				DEBUG_INFORMATION_FORMAT = dwarf;
				ENABLE_STRICT_OBJC_MSGSEND = YES;
				ENABLE_TESTABILITY = YES;
				GCC_C_LANGUAGE_STANDARD = gnu11;
				GCC_DYNAMIC_NO_PIC = NO;
				GCC_NO_COMMON_BLOCKS = YES;
				GCC_OPTIMIZATION_LEVEL = 0;
				GCC_PREPROCESSOR_DEFINITIONS = (
					"DEBUG=1",
					"$(inherited)",
				);
				GCC_WARN_64_TO_32_BIT_CONVERSION = YES;
				GCC_WARN_ABOUT_RETURN_TYPE = YES_ERROR;
				GCC_WARN_UNDECLARED_SELECTOR = YES;
				GCC_WARN_UNINITIALIZED_AUTOS = YES_AGGRESSIVE;
				GCC_WARN_UNUSED_FUNCTION = YES;
				GCC_WARN_UNUSED_VARIABLE = YES;
				IPHONEOS_DEPLOYMENT_TARGET = 16.1;
				MTL_ENABLE_DEBUG_INFO = INCLUDE_SOURCE;
				MTL_FAST_MATH = YES;
				ONLY_ACTIVE_ARCH = YES;
				SDKROOT = iphoneos;
				SWIFT_ACTIVE_COMPILATION_CONDITIONS = DEBUG;
				SWIFT_OPTIMIZATION_LEVEL = "-Onone";
			};
			name = Debug;
		};
		CBA9A18829682EFA00879058 /* Release */ = {
			isa = XCBuildConfiguration;
			buildSettings = {
				ALWAYS_SEARCH_USER_PATHS = NO;
				CLANG_ANALYZER_NONNULL = YES;
				CLANG_ANALYZER_NUMBER_OBJECT_CONVERSION = YES_AGGRESSIVE;
				CLANG_CXX_LANGUAGE_STANDARD = "gnu++20";
				CLANG_ENABLE_MODULES = YES;
				CLANG_ENABLE_OBJC_ARC = YES;
				CLANG_ENABLE_OBJC_WEAK = YES;
				CLANG_WARN_BLOCK_CAPTURE_AUTORELEASING = YES;
				CLANG_WARN_BOOL_CONVERSION = YES;
				CLANG_WARN_COMMA = YES;
				CLANG_WARN_CONSTANT_CONVERSION = YES;
				CLANG_WARN_DEPRECATED_OBJC_IMPLEMENTATIONS = YES;
				CLANG_WARN_DIRECT_OBJC_ISA_USAGE = YES_ERROR;
				CLANG_WARN_DOCUMENTATION_COMMENTS = YES;
				CLANG_WARN_EMPTY_BODY = YES;
				CLANG_WARN_ENUM_CONVERSION = YES;
				CLANG_WARN_INFINITE_RECURSION = YES;
				CLANG_WARN_INT_CONVERSION = YES;
				CLANG_WARN_NON_LITERAL_NULL_CONVERSION = YES;
				CLANG_WARN_OBJC_IMPLICIT_RETAIN_SELF = YES;
				CLANG_WARN_OBJC_LITERAL_CONVERSION = YES;
				CLANG_WARN_OBJC_ROOT_CLASS = YES_ERROR;
				CLANG_WARN_QUOTED_INCLUDE_IN_FRAMEWORK_HEADER = YES;
				CLANG_WARN_RANGE_LOOP_ANALYSIS = YES;
				CLANG_WARN_STRICT_PROTOTYPES = YES;
				CLANG_WARN_SUSPICIOUS_MOVE = YES;
				CLANG_WARN_UNGUARDED_AVAILABILITY = YES_AGGRESSIVE;
				CLANG_WARN_UNREACHABLE_CODE = YES;
				CLANG_WARN__DUPLICATE_METHOD_MATCH = YES;
				COPY_PHASE_STRIP = NO;
				DEBUG_INFORMATION_FORMAT = "dwarf-with-dsym";
				ENABLE_NS_ASSERTIONS = NO;
				ENABLE_STRICT_OBJC_MSGSEND = YES;
				GCC_C_LANGUAGE_STANDARD = gnu11;
				GCC_NO_COMMON_BLOCKS = YES;
				GCC_WARN_64_TO_32_BIT_CONVERSION = YES;
				GCC_WARN_ABOUT_RETURN_TYPE = YES_ERROR;
				GCC_WARN_UNDECLARED_SELECTOR = YES;
				GCC_WARN_UNINITIALIZED_AUTOS = YES_AGGRESSIVE;
				GCC_WARN_UNUSED_FUNCTION = YES;
				GCC_WARN_UNUSED_VARIABLE = YES;
				IPHONEOS_DEPLOYMENT_TARGET = 16.1;
				MTL_ENABLE_DEBUG_INFO = NO;
				MTL_FAST_MATH = YES;
				SDKROOT = iphoneos;
				SWIFT_COMPILATION_MODE = wholemodule;
				SWIFT_OPTIMIZATION_LEVEL = "-O";
				VALIDATE_PRODUCT = YES;
			};
			name = Release;
		};
		CBA9A18A29682EFA00879058 /* Debug */ = {
			isa = XCBuildConfiguration;
			buildSettings = {
				ASSETCATALOG_COMPILER_APPICON_NAME = AppIcon;
				ASSETCATALOG_COMPILER_GLOBAL_ACCENT_COLOR_NAME = AccentColor;
				CODE_SIGN_STYLE = Automatic;
				CURRENT_PROJECT_VERSION = 1;
				DEVELOPMENT_ASSET_PATHS = "\"TomatoTomato2/Preview Content\"";
				DEVELOPMENT_TEAM = FSX322285W;
				ENABLE_PREVIEWS = YES;
				GENERATE_INFOPLIST_FILE = YES;
				INFOPLIST_FILE = TomatoTomato2/Info.plist;
				INFOPLIST_KEY_CFBundleDisplayName = TomatoTomato;
				INFOPLIST_KEY_LSApplicationCategoryType = "public.app-category.productivity";
				INFOPLIST_KEY_UIApplicationSceneManifest_Generation = YES;
				INFOPLIST_KEY_UIApplicationSupportsIndirectInputEvents = YES;
				INFOPLIST_KEY_UILaunchStoryboardName = LaunchScreen.storyboard;
				INFOPLIST_KEY_UIStatusBarStyle = "";
				INFOPLIST_KEY_UISupportedInterfaceOrientations_iPad = "UIInterfaceOrientationPortrait UIInterfaceOrientationPortraitUpsideDown UIInterfaceOrientationLandscapeLeft UIInterfaceOrientationLandscapeRight";
				INFOPLIST_KEY_UISupportedInterfaceOrientations_iPhone = "UIInterfaceOrientationPortrait UIInterfaceOrientationLandscapeLeft UIInterfaceOrientationLandscapeRight";
				LD_RUNPATH_SEARCH_PATHS = (
					"$(inherited)",
					"@executable_path/Frameworks",
				);
				MARKETING_VERSION = 2.0;
				PRODUCT_BUNDLE_IDENTIFIER = kitten.TomatoTomato2;
				PRODUCT_NAME = "$(TARGET_NAME)";
				SWIFT_EMIT_LOC_STRINGS = YES;
				SWIFT_VERSION = 5.0;
				TARGETED_DEVICE_FAMILY = "1,2";
			};
			name = Debug;
		};
		CBA9A18B29682EFA00879058 /* Release */ = {
			isa = XCBuildConfiguration;
			buildSettings = {
				ASSETCATALOG_COMPILER_APPICON_NAME = AppIcon;
				ASSETCATALOG_COMPILER_GLOBAL_ACCENT_COLOR_NAME = AccentColor;
				CODE_SIGN_STYLE = Automatic;
				CURRENT_PROJECT_VERSION = 1;
				DEVELOPMENT_ASSET_PATHS = "\"TomatoTomato2/Preview Content\"";
				DEVELOPMENT_TEAM = FSX322285W;
				ENABLE_PREVIEWS = YES;
				GENERATE_INFOPLIST_FILE = YES;
				INFOPLIST_FILE = TomatoTomato2/Info.plist;
				INFOPLIST_KEY_CFBundleDisplayName = TomatoTomato;
				INFOPLIST_KEY_LSApplicationCategoryType = "public.app-category.productivity";
				INFOPLIST_KEY_UIApplicationSceneManifest_Generation = YES;
				INFOPLIST_KEY_UIApplicationSupportsIndirectInputEvents = YES;
				INFOPLIST_KEY_UILaunchStoryboardName = LaunchScreen.storyboard;
				INFOPLIST_KEY_UIStatusBarStyle = "";
				INFOPLIST_KEY_UISupportedInterfaceOrientations_iPad = "UIInterfaceOrientationPortrait UIInterfaceOrientationPortraitUpsideDown UIInterfaceOrientationLandscapeLeft UIInterfaceOrientationLandscapeRight";
				INFOPLIST_KEY_UISupportedInterfaceOrientations_iPhone = "UIInterfaceOrientationPortrait UIInterfaceOrientationLandscapeLeft UIInterfaceOrientationLandscapeRight";
				LD_RUNPATH_SEARCH_PATHS = (
					"$(inherited)",
					"@executable_path/Frameworks",
				);
				MARKETING_VERSION = 2.0;
				PRODUCT_BUNDLE_IDENTIFIER = kitten.TomatoTomato2;
				PRODUCT_NAME = "$(TARGET_NAME)";
				SWIFT_EMIT_LOC_STRINGS = YES;
				SWIFT_VERSION = 5.0;
				TARGETED_DEVICE_FAMILY = "1,2";
			};
			name = Release;
		};
/* End XCBuildConfiguration section */

/* Begin XCConfigurationList section */
		CBA9A17629682EF700879058 /* Build configuration list for PBXProject "TomatoTomato2" */ = {
			isa = XCConfigurationList;
			buildConfigurations = (
				CBA9A18729682EFA00879058 /* Debug */,
				CBA9A18829682EFA00879058 /* Release */,
			);
			defaultConfigurationIsVisible = 0;
			defaultConfigurationName = Release;
		};
		CBA9A18929682EFA00879058 /* Build configuration list for PBXNativeTarget "TomatoTomato2" */ = {
			isa = XCConfigurationList;
			buildConfigurations = (
				CBA9A18A29682EFA00879058 /* Debug */,
				CBA9A18B29682EFA00879058 /* Release */,
			);
			defaultConfigurationIsVisible = 0;
			defaultConfigurationName = Release;
		};
/* End XCConfigurationList section */

/* Begin XCVersionGroup section */
		CBE424782976EAB6006CCA91 /* TomatoContainer.xcdatamodeld */ = {
			isa = XCVersionGroup;
			children = (
				CBE424792976EAB6006CCA91 /* TomatoContainer.xcdatamodel */,
			);
			currentVersion = CBE424792976EAB6006CCA91 /* TomatoContainer.xcdatamodel */;
			path = TomatoContainer.xcdatamodeld;
			sourceTree = "<group>";
			versionGroupType = wrapper.xcdatamodel;
		};
/* End XCVersionGroup section */
	};
	rootObject = CBA9A17329682EF700879058 /* Project object */;
}
